
Microsoft Visual Studio Solution File, Format Version 12.00
# Visual Studio 2012
Project("{FAE04EC0-301F-11D3-BF4B-00C04F79EFBC}") = "Override", "Override.csproj", "{3B61C04E-EFC6-4495-81AE-0B67D44FC952}"
EndProject
Global
	GlobalSection(SolutionConfigurationPlatforms) = preSolution
		Debug|Any CPU = Debug|Any CPU
		Release|Any CPU = Release|Any CPU
	EndGlobalSection
	GlobalSection(ProjectConfigurationPlatforms) = postSolution
		{3B61C04E-EFC6-4495-81AE-0B67D44FC952}.Debug|Any CPU.ActiveCfg = Debug|Any CPU
		{3B61C04E-EFC6-4495-81AE-0B67D44FC952}.Debug|Any CPU.Build.0 = Debug|Any CPU
		{3B61C04E-EFC6-4495-81AE-0B67D44FC952}.Release|Any CPU.ActiveCfg = Release|Any CPU
		{3B61C04E-EFC6-4495-81AE-0B67D44FC952}.Release|Any CPU.Build.0 = Release|Any CPU
	EndGlobalSection
EndGlobal
